// !$*UTF8*$!
{
	archiveVersion = 1;
	classes = {
	};
	objectVersion = 46;
	objects = {

/* Begin PBXBuildFile section */
		805726719F2E42A837035D68 /* libPods-Comets.a in Frameworks */ = {isa = PBXBuildFile; fileRef = 1706DE6ADFD5F1ED09EEE7E1 /* libPods-Comets.a */; };
		8911B3B51FD4EBB8007077A5 /* Estimote Classes in Resources */ = {isa = PBXBuildFile; fileRef = 8911B3B41FD4EBB8007077A5 /* Estimote Classes */; };
		892C482C1FD4DB72004D26DB /* EstimoteSDK.framework in Frameworks */ = {isa = PBXBuildFile; fileRef = 892C482B1FD4DB72004D26DB /* EstimoteSDK.framework */; };
		B9610332F256615421A16452 /* libPods-PixelPusherTests.a in Frameworks */ = {isa = PBXBuildFile; fileRef = 9FA5BB933385BFD7B2E4F4A0 /* libPods-PixelPusherTests.a */; };
		DB01CF76174C1A2200486F6C /* RRMainViewController_iPad.xib in Resources */ = {isa = PBXBuildFile; fileRef = DB01CF73174C1A2200486F6C /* RRMainViewController_iPad.xib */; };
		DB01CF77174C1A2200486F6C /* RRMainViewController_iPhone.xib in Resources */ = {isa = PBXBuildFile; fileRef = DB01CF74174C1A2200486F6C /* RRMainViewController_iPhone.xib */; };
		DB3E2B42181339650034BFC8 /* Security.framework in Frameworks */ = {isa = PBXBuildFile; fileRef = DB3E2B41181339650034BFC8 /* Security.framework */; };
		DB3E2B44181339690034BFC8 /* CFNetwork.framework in Frameworks */ = {isa = PBXBuildFile; fileRef = DB3E2B43181339690034BFC8 /* CFNetwork.framework */; };
		DB3E2B4A18134A9E0034BFC8 /* RRComet.m in Sources */ = {isa = PBXBuildFile; fileRef = DB3E2B4918134A9E0034BFC8 /* RRComet.m */; };
		DB4D48A8181334FB00788518 /* libPixelPusher-objc.a in Frameworks */ = {isa = PBXBuildFile; fileRef = DB4D48A01813331C00788518 /* libPixelPusher-objc.a */; };
		DB4D48BC1813363400788518 /* CoreGraphics.framework in Frameworks */ = {isa = PBXBuildFile; fileRef = DB4D48BB1813363400788518 /* CoreGraphics.framework */; };
		DB4D48BE1813367100788518 /* QuartzCore.framework in Frameworks */ = {isa = PBXBuildFile; fileRef = DB4D48BD1813367100788518 /* QuartzCore.framework */; };
		DBB0BC741759AA4F002E7E5E /* UIKit.framework in Frameworks */ = {isa = PBXBuildFile; fileRef = DBC1CD67174B4D2700CCAF52 /* UIKit.framework */; };
		DBB0BC751759AA4F002E7E5E /* Foundation.framework in Frameworks */ = {isa = PBXBuildFile; fileRef = DBC1CD69174B4D2700CCAF52 /* Foundation.framework */; };
		DBC1CD68174B4D2700CCAF52 /* UIKit.framework in Frameworks */ = {isa = PBXBuildFile; fileRef = DBC1CD67174B4D2700CCAF52 /* UIKit.framework */; };
		DBC1CD6A174B4D2700CCAF52 /* Foundation.framework in Frameworks */ = {isa = PBXBuildFile; fileRef = DBC1CD69174B4D2700CCAF52 /* Foundation.framework */; };
		DBC1CDA0174B4D8B00CCAF52 /* Default-568h@2x.png in Resources */ = {isa = PBXBuildFile; fileRef = DBC1CD94174B4D8B00CCAF52 /* Default-568h@2x.png */; };
		DBC1CDA1174B4D8B00CCAF52 /* Default.png in Resources */ = {isa = PBXBuildFile; fileRef = DBC1CD95174B4D8B00CCAF52 /* Default.png */; };
		DBC1CDA2174B4D8B00CCAF52 /* Default@2x.png in Resources */ = {isa = PBXBuildFile; fileRef = DBC1CD96174B4D8B00CCAF52 /* Default@2x.png */; };
		DBC1CDA3174B4D8B00CCAF52 /* InfoPlist.strings in Resources */ = {isa = PBXBuildFile; fileRef = DBC1CD97174B4D8B00CCAF52 /* InfoPlist.strings */; };
		DBC1CDB1174B4D9500CCAF52 /* main.m in Sources */ = {isa = PBXBuildFile; fileRef = DBC1CDA9174B4D9500CCAF52 /* main.m */; };
		DBC1CDB2174B4D9500CCAF52 /* RRAppDelegate.m in Sources */ = {isa = PBXBuildFile; fileRef = DBC1CDAC174B4D9500CCAF52 /* RRAppDelegate.m */; };
		DBC1CDB4174B4D9500CCAF52 /* RRMainViewController.m in Sources */ = {isa = PBXBuildFile; fileRef = DBC1CDB0174B4D9500CCAF52 /* RRMainViewController.m */; };
/* End PBXBuildFile section */

/* Begin PBXContainerItemProxy section */
		DB4D489F1813331C00788518 /* PBXContainerItemProxy */ = {
			isa = PBXContainerItemProxy;
			containerPortal = DB4D4899181332FF00788518 /* PixelPusher-objc.xcodeproj */;
			proxyType = 2;
			remoteGlobalIDString = DB4D483318132E8800788518;
			remoteInfo = "PixelPusher-objc";
		};
		DB4D48A21813336100788518 /* PBXContainerItemProxy */ = {
			isa = PBXContainerItemProxy;
			containerPortal = DB4D4899181332FF00788518 /* PixelPusher-objc.xcodeproj */;
			proxyType = 1;
			remoteGlobalIDString = DB4D483218132E8800788518;
			remoteInfo = "PixelPusher-objc";
		};
/* End PBXContainerItemProxy section */

/* Begin PBXFileReference section */
		1706DE6ADFD5F1ED09EEE7E1 /* libPods-Comets.a */ = {isa = PBXFileReference; explicitFileType = archive.ar; includeInIndex = 0; path = "libPods-Comets.a"; sourceTree = BUILT_PRODUCTS_DIR; };
		29EB324018C9280D55A2F4F3 /* Pods-Comets.debug.xcconfig */ = {isa = PBXFileReference; includeInIndex = 1; lastKnownFileType = text.xcconfig; name = "Pods-Comets.debug.xcconfig"; path = "Pods/Target Support Files/Pods-Comets/Pods-Comets.debug.xcconfig"; sourceTree = "<group>"; };
		4C9BC4C340820182F0A5E27C /* Pods-PixelPusherTests.release.xcconfig */ = {isa = PBXFileReference; includeInIndex = 1; lastKnownFileType = text.xcconfig; name = "Pods-PixelPusherTests.release.xcconfig"; path = "Pods/Target Support Files/Pods-PixelPusherTests/Pods-PixelPusherTests.release.xcconfig"; sourceTree = "<group>"; };
		8710C92F205860A6A848E81E /* Pods-Comets.release.xcconfig */ = {isa = PBXFileReference; includeInIndex = 1; lastKnownFileType = text.xcconfig; name = "Pods-Comets.release.xcconfig"; path = "Pods/Target Support Files/Pods-Comets/Pods-Comets.release.xcconfig"; sourceTree = "<group>"; };
		8911B3B41FD4EBB8007077A5 /* Estimote Classes */ = {isa = PBXFileReference; lastKnownFileType = folder; path = "Estimote Classes"; sourceTree = "<group>"; };
		8911B3B61FD4ED61007077A5 /* Examples-Prefix.pch */ = {isa = PBXFileReference; fileEncoding = 4; lastKnownFileType = sourcecode.c.h; path = "Examples-Prefix.pch"; sourceTree = "<group>"; };
		892C482B1FD4DB72004D26DB /* EstimoteSDK.framework */ = {isa = PBXFileReference; lastKnownFileType = wrapper.framework; name = EstimoteSDK.framework; path = "iOS-SDK/EstimoteSDK/EstimoteSDK.framework"; sourceTree = "<group>"; };
		9FA5BB933385BFD7B2E4F4A0 /* libPods-PixelPusherTests.a */ = {isa = PBXFileReference; explicitFileType = archive.ar; includeInIndex = 0; path = "libPods-PixelPusherTests.a"; sourceTree = BUILT_PRODUCTS_DIR; };
		B656AE7E8C45ADEBD10FBB58 /* Pods-PixelPusherTests.debug.xcconfig */ = {isa = PBXFileReference; includeInIndex = 1; lastKnownFileType = text.xcconfig; name = "Pods-PixelPusherTests.debug.xcconfig"; path = "Pods/Target Support Files/Pods-PixelPusherTests/Pods-PixelPusherTests.debug.xcconfig"; sourceTree = "<group>"; };
		DB01CF73174C1A2200486F6C /* RRMainViewController_iPad.xib */ = {isa = PBXFileReference; fileEncoding = 4; lastKnownFileType = file.xib; name = RRMainViewController_iPad.xib; path = Source/RRMainViewController_iPad.xib; sourceTree = SOURCE_ROOT; };
		DB01CF74174C1A2200486F6C /* RRMainViewController_iPhone.xib */ = {isa = PBXFileReference; fileEncoding = 4; lastKnownFileType = file.xib; name = RRMainViewController_iPhone.xib; path = Source/RRMainViewController_iPhone.xib; sourceTree = SOURCE_ROOT; };
		DB3E2B41181339650034BFC8 /* Security.framework */ = {isa = PBXFileReference; lastKnownFileType = wrapper.framework; name = Security.framework; path = System/Library/Frameworks/Security.framework; sourceTree = SDKROOT; };
		DB3E2B43181339690034BFC8 /* CFNetwork.framework */ = {isa = PBXFileReference; lastKnownFileType = wrapper.framework; name = CFNetwork.framework; path = System/Library/Frameworks/CFNetwork.framework; sourceTree = SDKROOT; };
		DB3E2B4818134A9E0034BFC8 /* RRComet.h */ = {isa = PBXFileReference; fileEncoding = 4; lastKnownFileType = sourcecode.c.h; name = RRComet.h; path = Source/RRComet.h; sourceTree = SOURCE_ROOT; };
		DB3E2B4918134A9E0034BFC8 /* RRComet.m */ = {isa = PBXFileReference; fileEncoding = 4; lastKnownFileType = sourcecode.c.objc; name = RRComet.m; path = Source/RRComet.m; sourceTree = SOURCE_ROOT; };
		DB4D4899181332FF00788518 /* PixelPusher-objc.xcodeproj */ = {isa = PBXFileReference; lastKnownFileType = "wrapper.pb-project"; name = "PixelPusher-objc.xcodeproj"; path = "../../PixelPusher-objc/PixelPusher-objc.xcodeproj"; sourceTree = SOURCE_ROOT; };
		DB4D48BB1813363400788518 /* CoreGraphics.framework */ = {isa = PBXFileReference; lastKnownFileType = wrapper.framework; name = CoreGraphics.framework; path = System/Library/Frameworks/CoreGraphics.framework; sourceTree = SDKROOT; };
		DB4D48BD1813367100788518 /* QuartzCore.framework */ = {isa = PBXFileReference; lastKnownFileType = wrapper.framework; name = QuartzCore.framework; path = System/Library/Frameworks/QuartzCore.framework; sourceTree = SDKROOT; };
		DBB0BC711759AA4F002E7E5E /* PixelPusherTests.octest */ = {isa = PBXFileReference; explicitFileType = wrapper.cfbundle; includeInIndex = 0; path = PixelPusherTests.octest; sourceTree = BUILT_PRODUCTS_DIR; };
		DBC1CD64174B4D2700CCAF52 /* Comets.app */ = {isa = PBXFileReference; explicitFileType = wrapper.application; includeInIndex = 0; path = Comets.app; sourceTree = BUILT_PRODUCTS_DIR; };
		DBC1CD67174B4D2700CCAF52 /* UIKit.framework */ = {isa = PBXFileReference; lastKnownFileType = wrapper.framework; name = UIKit.framework; path = System/Library/Frameworks/UIKit.framework; sourceTree = SDKROOT; };
		DBC1CD69174B4D2700CCAF52 /* Foundation.framework */ = {isa = PBXFileReference; lastKnownFileType = wrapper.framework; name = Foundation.framework; path = System/Library/Frameworks/Foundation.framework; sourceTree = SDKROOT; };
		DBC1CD94174B4D8B00CCAF52 /* Default-568h@2x.png */ = {isa = PBXFileReference; lastKnownFileType = image.png; name = "Default-568h@2x.png"; path = "Resources/Default-568h@2x.png"; sourceTree = SOURCE_ROOT; };
		DBC1CD95174B4D8B00CCAF52 /* Default.png */ = {isa = PBXFileReference; lastKnownFileType = image.png; name = Default.png; path = Resources/Default.png; sourceTree = SOURCE_ROOT; };
		DBC1CD96174B4D8B00CCAF52 /* Default@2x.png */ = {isa = PBXFileReference; lastKnownFileType = image.png; name = "Default@2x.png"; path = "Resources/Default@2x.png"; sourceTree = SOURCE_ROOT; };
		DBC1CD98174B4D8B00CCAF52 /* en */ = {isa = PBXFileReference; lastKnownFileType = text.plist.strings; name = en; path = en.lproj/InfoPlist.strings; sourceTree = "<group>"; };
		DBC1CD9F174B4D8B00CCAF52 /* Comets-Info.plist */ = {isa = PBXFileReference; fileEncoding = 4; lastKnownFileType = text.plist.xml; path = "Comets-Info.plist"; sourceTree = "<group>"; };
		DBC1CDA9174B4D9500CCAF52 /* main.m */ = {isa = PBXFileReference; fileEncoding = 4; lastKnownFileType = sourcecode.c.objc; name = main.m; path = Source/main.m; sourceTree = SOURCE_ROOT; };
		DBC1CDAA174B4D9500CCAF52 /* Comets-Prefix.pch */ = {isa = PBXFileReference; fileEncoding = 4; lastKnownFileType = sourcecode.c.h; name = "Comets-Prefix.pch"; path = "Source/Comets-Prefix.pch"; sourceTree = SOURCE_ROOT; };
		DBC1CDAB174B4D9500CCAF52 /* RRAppDelegate.h */ = {isa = PBXFileReference; fileEncoding = 4; lastKnownFileType = sourcecode.c.h; name = RRAppDelegate.h; path = Source/RRAppDelegate.h; sourceTree = SOURCE_ROOT; };
		DBC1CDAC174B4D9500CCAF52 /* RRAppDelegate.m */ = {isa = PBXFileReference; fileEncoding = 4; lastKnownFileType = sourcecode.c.objc; name = RRAppDelegate.m; path = Source/RRAppDelegate.m; sourceTree = SOURCE_ROOT; };
		DBC1CDAF174B4D9500CCAF52 /* RRMainViewController.h */ = {isa = PBXFileReference; fileEncoding = 4; lastKnownFileType = sourcecode.c.h; name = RRMainViewController.h; path = Source/RRMainViewController.h; sourceTree = SOURCE_ROOT; };
		DBC1CDB0174B4D9500CCAF52 /* RRMainViewController.m */ = {isa = PBXFileReference; fileEncoding = 4; lastKnownFileType = sourcecode.c.objc; name = RRMainViewController.m; path = Source/RRMainViewController.m; sourceTree = SOURCE_ROOT; };
/* End PBXFileReference section */

/* Begin PBXFrameworksBuildPhase section */
		DBB0BC6D1759AA4F002E7E5E /* Frameworks */ = {
			isa = PBXFrameworksBuildPhase;
			buildActionMask = 2147483647;
			files = (
				DBB0BC741759AA4F002E7E5E /* UIKit.framework in Frameworks */,
				DBB0BC751759AA4F002E7E5E /* Foundation.framework in Frameworks */,
				B9610332F256615421A16452 /* libPods-PixelPusherTests.a in Frameworks */,
			);
			runOnlyForDeploymentPostprocessing = 0;
		};
		DBC1CD61174B4D2600CCAF52 /* Frameworks */ = {
			isa = PBXFrameworksBuildPhase;
			buildActionMask = 2147483647;
			files = (
				DB3E2B44181339690034BFC8 /* CFNetwork.framework in Frameworks */,
				DB3E2B42181339650034BFC8 /* Security.framework in Frameworks */,
				DB4D48BE1813367100788518 /* QuartzCore.framework in Frameworks */,
				DB4D48BC1813363400788518 /* CoreGraphics.framework in Frameworks */,
				DB4D48A8181334FB00788518 /* libPixelPusher-objc.a in Frameworks */,
				892C482C1FD4DB72004D26DB /* EstimoteSDK.framework in Frameworks */,
				DBC1CD68174B4D2700CCAF52 /* UIKit.framework in Frameworks */,
				DBC1CD6A174B4D2700CCAF52 /* Foundation.framework in Frameworks */,
				805726719F2E42A837035D68 /* libPods-Comets.a in Frameworks */,
			);
			runOnlyForDeploymentPostprocessing = 0;
		};
/* End PBXFrameworksBuildPhase section */

/* Begin PBXGroup section */
		71B0B4A3700AEDA642F625CD /* Pods */ = {
			isa = PBXGroup;
			children = (
				29EB324018C9280D55A2F4F3 /* Pods-Comets.debug.xcconfig */,
				8710C92F205860A6A848E81E /* Pods-Comets.release.xcconfig */,
				B656AE7E8C45ADEBD10FBB58 /* Pods-PixelPusherTests.debug.xcconfig */,
				4C9BC4C340820182F0A5E27C /* Pods-PixelPusherTests.release.xcconfig */,
			);
			name = Pods;
			sourceTree = "<group>";
		};
		DB4D489C1813331C00788518 /* Products */ = {
			isa = PBXGroup;
			children = (
				DB4D48A01813331C00788518 /* libPixelPusher-objc.a */,
			);
			name = Products;
			sourceTree = "<group>";
		};
		DBC1CD5B174B4D2600CCAF52 = {
			isa = PBXGroup;
			children = (
				DBC1CD6D174B4D2700CCAF52 /* Comets */,
				DBC1CD66174B4D2700CCAF52 /* Frameworks */,
				DBC1CD65174B4D2700CCAF52 /* Products */,
				71B0B4A3700AEDA642F625CD /* Pods */,
			);
			sourceTree = "<group>";
		};
		DBC1CD65174B4D2700CCAF52 /* Products */ = {
			isa = PBXGroup;
			children = (
				DBC1CD64174B4D2700CCAF52 /* Comets.app */,
				DBB0BC711759AA4F002E7E5E /* PixelPusherTests.octest */,
			);
			name = Products;
			sourceTree = "<group>";
		};
		DBC1CD66174B4D2700CCAF52 /* Frameworks */ = {
			isa = PBXGroup;
			children = (
				892C482B1FD4DB72004D26DB /* EstimoteSDK.framework */,
				DB3E2B43181339690034BFC8 /* CFNetwork.framework */,
				DB4D48BB1813363400788518 /* CoreGraphics.framework */,
				DBC1CD69174B4D2700CCAF52 /* Foundation.framework */,
				DB4D48BD1813367100788518 /* QuartzCore.framework */,
				DB3E2B41181339650034BFC8 /* Security.framework */,
				DBC1CD67174B4D2700CCAF52 /* UIKit.framework */,
				1706DE6ADFD5F1ED09EEE7E1 /* libPods-Comets.a */,
				9FA5BB933385BFD7B2E4F4A0 /* libPods-PixelPusherTests.a */,
			);
			name = Frameworks;
			sourceTree = "<group>";
		};
		DBC1CD6D174B4D2700CCAF52 /* Comets */ = {
			isa = PBXGroup;
			children = (
				DBC1CDA8174B4D9500CCAF52 /* Source */,
				DBC1CD93174B4D8B00CCAF52 /* Resources */,
				DB4D4899181332FF00788518 /* PixelPusher-objc.xcodeproj */,
			);
			name = Comets;
			sourceTree = SOURCE_ROOT;
		};
		DBC1CD93174B4D8B00CCAF52 /* Resources */ = {
			isa = PBXGroup;
			children = (
				8911B3B61FD4ED61007077A5 /* Examples-Prefix.pch */,
				DBC1CD94174B4D8B00CCAF52 /* Default-568h@2x.png */,
				DBC1CD95174B4D8B00CCAF52 /* Default.png */,
				DBC1CD96174B4D8B00CCAF52 /* Default@2x.png */,
				DBC1CD97174B4D8B00CCAF52 /* InfoPlist.strings */,
				DBC1CD9F174B4D8B00CCAF52 /* Comets-Info.plist */,
			);
			path = Resources;
			sourceTree = SOURCE_ROOT;
		};
		DBC1CDA8174B4D9500CCAF52 /* Source */ = {
			isa = PBXGroup;
			children = (
				DBC1CDA9174B4D9500CCAF52 /* main.m */,
				DBC1CDAA174B4D9500CCAF52 /* Comets-Prefix.pch */,
				DB3E2B4818134A9E0034BFC8 /* RRComet.h */,
				DB3E2B4918134A9E0034BFC8 /* RRComet.m */,
				DBC1CDAB174B4D9500CCAF52 /* RRAppDelegate.h */,
				DBC1CDAC174B4D9500CCAF52 /* RRAppDelegate.m */,
				DBC1CDAF174B4D9500CCAF52 /* RRMainViewController.h */,
				DBC1CDB0174B4D9500CCAF52 /* RRMainViewController.m */,
				DB01CF73174C1A2200486F6C /* RRMainViewController_iPad.xib */,
				DB01CF74174C1A2200486F6C /* RRMainViewController_iPhone.xib */,
				8911B3B41FD4EBB8007077A5 /* Estimote Classes */,
			);
			path = Source;
			sourceTree = SOURCE_ROOT;
		};
/* End PBXGroup section */

/* Begin PBXNativeTarget section */
		DBB0BC701759AA4F002E7E5E /* PixelPusherTests */ = {
			isa = PBXNativeTarget;
			buildConfigurationList = DBB0BC801759AA4F002E7E5E /* Build configuration list for PBXNativeTarget "PixelPusherTests" */;
			buildPhases = (
				0084AEA9322D5448C562A1BD /* [CP] Check Pods Manifest.lock */,
				DBB0BC6C1759AA4F002E7E5E /* Sources */,
				DBB0BC6D1759AA4F002E7E5E /* Frameworks */,
				DBB0BC6E1759AA4F002E7E5E /* Resources */,
				DBB0BC6F1759AA4F002E7E5E /* ShellScript */,
				2156243671E69BBF26EA3F21 /* [CP] Copy Pods Resources */,
			);
			buildRules = (
			);
			dependencies = (
			);
			name = PixelPusherTests;
			productName = PixelPusherTests;
			productReference = DBB0BC711759AA4F002E7E5E /* PixelPusherTests.octest */;
			productType = "com.apple.product-type.bundle";
		};
		DBC1CD63174B4D2600CCAF52 /* Comets */ = {
			isa = PBXNativeTarget;
			buildConfigurationList = DBC1CD90174B4D2700CCAF52 /* Build configuration list for PBXNativeTarget "Comets" */;
			buildPhases = (
				F2B7B3E86878C74F1A31CE2D /* [CP] Check Pods Manifest.lock */,
				DBC1CD60174B4D2600CCAF52 /* Sources */,
				DBC1CD61174B4D2600CCAF52 /* Frameworks */,
				DBC1CD62174B4D2600CCAF52 /* Resources */,
				1D7444E85F84DA82B2AF2FA7 /* [CP] Embed Pods Frameworks */,
				C77DD1D5277B52119F74466A /* [CP] Copy Pods Resources */,
			);
			buildRules = (
			);
			dependencies = (
				DB4D48A31813336100788518 /* PBXTargetDependency */,
			);
			name = Comets;
			productName = Comets;
			productReference = DBC1CD64174B4D2700CCAF52 /* Comets.app */;
			productType = "com.apple.product-type.application";
		};
/* End PBXNativeTarget section */

/* Begin PBXProject section */
		DBC1CD5C174B4D2600CCAF52 /* Project object */ = {
			isa = PBXProject;
			attributes = {
				CLASSPREFIX = RR;
				LastUpgradeCheck = 0460;
				ORGANIZATIONNAME = rrrus;
				TargetAttributes = {
					DBC1CD63174B4D2600CCAF52 = {
						DevelopmentTeam = H4GT3D9T2Q;
					};
				};
			};
			buildConfigurationList = DBC1CD5F174B4D2600CCAF52 /* Build configuration list for PBXProject "Comets" */;
			compatibilityVersion = "Xcode 3.2";
			developmentRegion = English;
			hasScannedForEncodings = 0;
			knownRegions = (
				en,
				English,
			);
			mainGroup = DBC1CD5B174B4D2600CCAF52;
			productRefGroup = DBC1CD65174B4D2700CCAF52 /* Products */;
			projectDirPath = "";
			projectReferences = (
				{
					ProductGroup = DB4D489C1813331C00788518 /* Products */;
					ProjectRef = DB4D4899181332FF00788518 /* PixelPusher-objc.xcodeproj */;
				},
			);
			projectRoot = "";
			targets = (
				DBC1CD63174B4D2600CCAF52 /* Comets */,
				DBB0BC701759AA4F002E7E5E /* PixelPusherTests */,
			);
		};
/* End PBXProject section */

/* Begin PBXReferenceProxy section */
		DB4D48A01813331C00788518 /* libPixelPusher-objc.a */ = {
			isa = PBXReferenceProxy;
			fileType = archive.ar;
			path = "libPixelPusher-objc.a";
			remoteRef = DB4D489F1813331C00788518 /* PBXContainerItemProxy */;
			sourceTree = BUILT_PRODUCTS_DIR;
		};
/* End PBXReferenceProxy section */

/* Begin PBXResourcesBuildPhase section */
		DBB0BC6E1759AA4F002E7E5E /* Resources */ = {
			isa = PBXResourcesBuildPhase;
			buildActionMask = 2147483647;
			files = (
			);
			runOnlyForDeploymentPostprocessing = 0;
		};
		DBC1CD62174B4D2600CCAF52 /* Resources */ = {
			isa = PBXResourcesBuildPhase;
			buildActionMask = 2147483647;
			files = (
				8911B3B51FD4EBB8007077A5 /* Estimote Classes in Resources */,
				DBC1CDA0174B4D8B00CCAF52 /* Default-568h@2x.png in Resources */,
				DBC1CDA1174B4D8B00CCAF52 /* Default.png in Resources */,
				DBC1CDA2174B4D8B00CCAF52 /* Default@2x.png in Resources */,
				DBC1CDA3174B4D8B00CCAF52 /* InfoPlist.strings in Resources */,
				DB01CF76174C1A2200486F6C /* RRMainViewController_iPad.xib in Resources */,
				DB01CF77174C1A2200486F6C /* RRMainViewController_iPhone.xib in Resources */,
			);
			runOnlyForDeploymentPostprocessing = 0;
		};
/* End PBXResourcesBuildPhase section */

/* Begin PBXShellScriptBuildPhase section */
		0084AEA9322D5448C562A1BD /* [CP] Check Pods Manifest.lock */ = {
			isa = PBXShellScriptBuildPhase;
			buildActionMask = 2147483647;
			files = (
			);
			inputPaths = (
				"${PODS_PODFILE_DIR_PATH}/Podfile.lock",
				"${PODS_ROOT}/Manifest.lock",
			);
			name = "[CP] Check Pods Manifest.lock";
			outputPaths = (
				"$(DERIVED_FILE_DIR)/Pods-PixelPusherTests-checkManifestLockResult.txt",
			);
			runOnlyForDeploymentPostprocessing = 0;
			shellPath = /bin/sh;
			shellScript = "diff \"${PODS_PODFILE_DIR_PATH}/Podfile.lock\" \"${PODS_ROOT}/Manifest.lock\" > /dev/null\nif [ $? != 0 ] ; then\n    # print error to STDERR\n    echo \"error: The sandbox is not in sync with the Podfile.lock. Run 'pod install' or update your CocoaPods installation.\" >&2\n    exit 1\nfi\n# This output is used by Xcode 'outputs' to avoid re-running this script phase.\necho \"SUCCESS\" > \"${SCRIPT_OUTPUT_FILE_0}\"\n";
			showEnvVarsInLog = 0;
		};
		1D7444E85F84DA82B2AF2FA7 /* [CP] Embed Pods Frameworks */ = {
			isa = PBXShellScriptBuildPhase;
			buildActionMask = 2147483647;
			files = (
			);
			inputPaths = (
			);
			name = "[CP] Embed Pods Frameworks";
			outputPaths = (
			);
			runOnlyForDeploymentPostprocessing = 0;
			shellPath = /bin/sh;
			shellScript = "\"${SRCROOT}/Pods/Target Support Files/Pods-Comets/Pods-Comets-frameworks.sh\"\n";
			showEnvVarsInLog = 0;
		};
		2156243671E69BBF26EA3F21 /* [CP] Copy Pods Resources */ = {
			isa = PBXShellScriptBuildPhase;
			buildActionMask = 2147483647;
			files = (
			);
			inputPaths = (
			);
			name = "[CP] Copy Pods Resources";
			outputPaths = (
			);
			runOnlyForDeploymentPostprocessing = 0;
			shellPath = /bin/sh;
			shellScript = "\"${SRCROOT}/Pods/Target Support Files/Pods-PixelPusherTests/Pods-PixelPusherTests-resources.sh\"\n";
			showEnvVarsInLog = 0;
		};
		C77DD1D5277B52119F74466A /* [CP] Copy Pods Resources */ = {
			isa = PBXShellScriptBuildPhase;
			buildActionMask = 2147483647;
			files = (
			);
			inputPaths = (
			);
			name = "[CP] Copy Pods Resources";
			outputPaths = (
			);
			runOnlyForDeploymentPostprocessing = 0;
			shellPath = /bin/sh;
			shellScript = "\"${SRCROOT}/Pods/Target Support Files/Pods-Comets/Pods-Comets-resources.sh\"\n";
			showEnvVarsInLog = 0;
		};
		DBB0BC6F1759AA4F002E7E5E /* ShellScript */ = {
			isa = PBXShellScriptBuildPhase;
			buildActionMask = 2147483647;
			files = (
			);
			inputPaths = (
			);
			outputPaths = (
			);
			runOnlyForDeploymentPostprocessing = 0;
			shellPath = /bin/sh;
			shellScript = "# Run the unit tests in this test bundle.\n\"${SYSTEM_DEVELOPER_DIR}/Tools/RunUnitTests\"\n";
		};
		F2B7B3E86878C74F1A31CE2D /* [CP] Check Pods Manifest.lock */ = {
			isa = PBXShellScriptBuildPhase;
			buildActionMask = 2147483647;
			files = (
			);
			inputPaths = (
				"${PODS_PODFILE_DIR_PATH}/Podfile.lock",
				"${PODS_ROOT}/Manifest.lock",
			);
			name = "[CP] Check Pods Manifest.lock";
			outputPaths = (
				"$(DERIVED_FILE_DIR)/Pods-Comets-checkManifestLockResult.txt",
			);
			runOnlyForDeploymentPostprocessing = 0;
			shellPath = /bin/sh;
			shellScript = "diff \"${PODS_PODFILE_DIR_PATH}/Podfile.lock\" \"${PODS_ROOT}/Manifest.lock\" > /dev/null\nif [ $? != 0 ] ; then\n    # print error to STDERR\n    echo \"error: The sandbox is not in sync with the Podfile.lock. Run 'pod install' or update your CocoaPods installation.\" >&2\n    exit 1\nfi\n# This output is used by Xcode 'outputs' to avoid re-running this script phase.\necho \"SUCCESS\" > \"${SCRIPT_OUTPUT_FILE_0}\"\n";
			showEnvVarsInLog = 0;
		};
/* End PBXShellScriptBuildPhase section */

/* Begin PBXSourcesBuildPhase section */
		DBB0BC6C1759AA4F002E7E5E /* Sources */ = {
			isa = PBXSourcesBuildPhase;
			buildActionMask = 2147483647;
			files = (
			);
			runOnlyForDeploymentPostprocessing = 0;
		};
		DBC1CD60174B4D2600CCAF52 /* Sources */ = {
			isa = PBXSourcesBuildPhase;
			buildActionMask = 2147483647;
			files = (
				DBC1CDB1174B4D9500CCAF52 /* main.m in Sources */,
				DBC1CDB2174B4D9500CCAF52 /* RRAppDelegate.m in Sources */,
				DBC1CDB4174B4D9500CCAF52 /* RRMainViewController.m in Sources */,
				DB3E2B4A18134A9E0034BFC8 /* RRComet.m in Sources */,
			);
			runOnlyForDeploymentPostprocessing = 0;
		};
/* End PBXSourcesBuildPhase section */

/* Begin PBXTargetDependency section */
		DB4D48A31813336100788518 /* PBXTargetDependency */ = {
			isa = PBXTargetDependency;
			name = "PixelPusher-objc";
			targetProxy = DB4D48A21813336100788518 /* PBXContainerItemProxy */;
		};
/* End PBXTargetDependency section */

/* Begin PBXVariantGroup section */
		DBC1CD97174B4D8B00CCAF52 /* InfoPlist.strings */ = {
			isa = PBXVariantGroup;
			children = (
				DBC1CD98174B4D8B00CCAF52 /* en */,
			);
			name = InfoPlist.strings;
			sourceTree = "<group>";
		};
/* End PBXVariantGroup section */

/* Begin XCBuildConfiguration section */
		DBB0BC811759AA4F002E7E5E /* Debug */ = {
			isa = XCBuildConfiguration;
			baseConfigurationReference = B656AE7E8C45ADEBD10FBB58 /* Pods-PixelPusherTests.debug.xcconfig */;
			buildSettings = {
				FRAMEWORK_SEARCH_PATHS = (
					"\"$(SDKROOT)/Developer/Library/Frameworks\"",
					"\"$(DEVELOPER_LIBRARY_DIR)/Frameworks\"",
				);
				GCC_PRECOMPILE_PREFIX_HEADER = YES;
				GCC_PREFIX_HEADER = "PixelPusherTests/PixelPusherTests-Prefix.pch";
				INFOPLIST_FILE = "PixelPusherTests/PixelPusherTests-Info.plist";
				PRODUCT_NAME = "$(TARGET_NAME)";
				WRAPPER_EXTENSION = octest;
			};
			name = Debug;
		};
		DBB0BC821759AA4F002E7E5E /* Release */ = {
			isa = XCBuildConfiguration;
			baseConfigurationReference = 4C9BC4C340820182F0A5E27C /* Pods-PixelPusherTests.release.xcconfig */;
			buildSettings = {
				FRAMEWORK_SEARCH_PATHS = (
					"\"$(SDKROOT)/Developer/Library/Frameworks\"",
					"\"$(DEVELOPER_LIBRARY_DIR)/Frameworks\"",
				);
				GCC_PRECOMPILE_PREFIX_HEADER = YES;
				GCC_PREFIX_HEADER = "PixelPusherTests/PixelPusherTests-Prefix.pch";
				INFOPLIST_FILE = "PixelPusherTests/PixelPusherTests-Info.plist";
				PRODUCT_NAME = "$(TARGET_NAME)";
				WRAPPER_EXTENSION = octest;
			};
			name = Release;
		};
		DBC1CD8E174B4D2700CCAF52 /* Debug */ = {
			isa = XCBuildConfiguration;
			buildSettings = {
				ALWAYS_SEARCH_USER_PATHS = NO;
				CLANG_CXX_LANGUAGE_STANDARD = "gnu++0x";
				CLANG_CXX_LIBRARY = "libc++";
				CLANG_ENABLE_OBJC_ARC = YES;
				CLANG_WARN_CONSTANT_CONVERSION = YES;
				CLANG_WARN_EMPTY_BODY = YES;
				CLANG_WARN_ENUM_CONVERSION = YES;
				CLANG_WARN_INT_CONVERSION = YES;
				CLANG_WARN__DUPLICATE_METHOD_MATCH = YES;
				"CODE_SIGN_IDENTITY[sdk=iphoneos*]" = "iPhone Developer";
				COPY_PHASE_STRIP = NO;
				GCC_C_LANGUAGE_STANDARD = gnu99;
				GCC_DYNAMIC_NO_PIC = NO;
				GCC_OPTIMIZATION_LEVEL = 0;
				GCC_PREPROCESSOR_DEFINITIONS = (
					"DEBUG=1",
					"$(inherited)",
				);
				GCC_SYMBOLS_PRIVATE_EXTERN = NO;
				GCC_WARN_ABOUT_RETURN_TYPE = YES;
				GCC_WARN_UNINITIALIZED_AUTOS = YES;
				GCC_WARN_UNUSED_VARIABLE = YES;
				IPHONEOS_DEPLOYMENT_TARGET = 5.0;
				ONLY_ACTIVE_ARCH = YES;
				SDKROOT = iphoneos;
				TARGETED_DEVICE_FAMILY = "1,2";
			};
			name = Debug;
		};
		DBC1CD8F174B4D2700CCAF52 /* Release */ = {
			isa = XCBuildConfiguration;
			buildSettings = {
				ALWAYS_SEARCH_USER_PATHS = NO;
				CLANG_CXX_LANGUAGE_STANDARD = "gnu++0x";
				CLANG_CXX_LIBRARY = "libc++";
				CLANG_ENABLE_OBJC_ARC = YES;
				CLANG_WARN_CONSTANT_CONVERSION = YES;
				CLANG_WARN_EMPTY_BODY = YES;
				CLANG_WARN_ENUM_CONVERSION = YES;
				CLANG_WARN_INT_CONVERSION = YES;
				CLANG_WARN__DUPLICATE_METHOD_MATCH = YES;
				"CODE_SIGN_IDENTITY[sdk=iphoneos*]" = "iPhone Developer";
				COPY_PHASE_STRIP = YES;
				GCC_C_LANGUAGE_STANDARD = gnu99;
				GCC_WARN_ABOUT_RETURN_TYPE = YES;
				GCC_WARN_UNINITIALIZED_AUTOS = YES;
				GCC_WARN_UNUSED_VARIABLE = YES;
				IPHONEOS_DEPLOYMENT_TARGET = 5.0;
				OTHER_CFLAGS = "-DNS_BLOCK_ASSERTIONS=1";
				SDKROOT = iphoneos;
				TARGETED_DEVICE_FAMILY = "1,2";
				VALIDATE_PRODUCT = YES;
			};
			name = Release;
		};
		DBC1CD91174B4D2700CCAF52 /* Debug */ = {
			isa = XCBuildConfiguration;
			baseConfigurationReference = 29EB324018C9280D55A2F4F3 /* Pods-Comets.debug.xcconfig */;
			buildSettings = {
				DEVELOPMENT_TEAM = H4GT3D9T2Q;
				ENABLE_BITCODE = YES;
				FRAMEWORK_SEARCH_PATHS = (
					"$(inherited)",
					"$(PROJECT_DIR)/iOS-SDK/EstimoteSDK",
				);
				GCC_PRECOMPILE_PREFIX_HEADER = YES;
				GCC_PREFIX_HEADER = "Source/Comets-Prefix.pch";
				INFOPLIST_FILE = "Resources/Comets-Info.plist";
				IPHONEOS_DEPLOYMENT_TARGET = 8.0;
				OTHER_LDFLAGS = (
					"-all_load",
					"-ObjC",
				);
				PRODUCT_BUNDLE_IDENTIFIER = com.cass.testing;
				PRODUCT_NAME = "$(TARGET_NAME)";
				USER_HEADER_SEARCH_PATHS = "$(DSTROOT)/usr/local/include $(TARGET_BUILD_DIR)/usr/local/include";
				WRAPPER_EXTENSION = app;
			};
			name = Debug;
		};
		DBC1CD92174B4D2700CCAF52 /* Release */ = {
			isa = XCBuildConfiguration;
			baseConfigurationReference = 8710C92F205860A6A848E81E /* Pods-Comets.release.xcconfig */;
			buildSettings = {
				DEVELOPMENT_TEAM = H4GT3D9T2Q;
				ENABLE_BITCODE = YES;
				FRAMEWORK_SEARCH_PATHS = (
					"$(inherited)",
					"$(PROJECT_DIR)/iOS-SDK/EstimoteSDK",
				);
				GCC_PRECOMPILE_PREFIX_HEADER = YES;
				GCC_PREFIX_HEADER = "Source/Comets-Prefix.pch";
				INFOPLIST_FILE = "Resources/Comets-Info.plist";
				IPHONEOS_DEPLOYMENT_TARGET = 8.0;
				OTHER_LDFLAGS = (
					"-all_load",
					"-ObjC",
				);
				PRODUCT_BUNDLE_IDENTIFIER = com.cass.testing;
				PRODUCT_NAME = "$(TARGET_NAME)";
				USER_HEADER_SEARCH_PATHS = "$(DSTROOT)/usr/local/include $(TARGET_BUILD_DIR)/usr/local/include";
				WRAPPER_EXTENSION = app;
			};
			name = Release;
		};
/* End XCBuildConfiguration section */

/* Begin XCConfigurationList section */
		DBB0BC801759AA4F002E7E5E /* Build configuration list for PBXNativeTarget "PixelPusherTests" */ = {
			isa = XCConfigurationList;
			buildConfigurations = (
				DBB0BC811759AA4F002E7E5E /* Debug */,
				DBB0BC821759AA4F002E7E5E /* Release */,
			);
			defaultConfigurationIsVisible = 0;
			defaultConfigurationName = Release;
		};
		DBC1CD5F174B4D2600CCAF52 /* Build configuration list for PBXProject "Comets" */ = {
			isa = XCConfigurationList;
			buildConfigurations = (
				DBC1CD8E174B4D2700CCAF52 /* Debug */,
				DBC1CD8F174B4D2700CCAF52 /* Release */,
			);
			defaultConfigurationIsVisible = 0;
			defaultConfigurationName = Release;
		};
		DBC1CD90174B4D2700CCAF52 /* Build configuration list for PBXNativeTarget "Comets" */ = {
			isa = XCConfigurationList;
			buildConfigurations = (
				DBC1CD91174B4D2700CCAF52 /* Debug */,
				DBC1CD92174B4D2700CCAF52 /* Release */,
			);
			defaultConfigurationIsVisible = 0;
			defaultConfigurationName = Release;
		};
/* End XCConfigurationList section */
	};
	rootObject = DBC1CD5C174B4D2600CCAF52 /* Project object */;
}
